version = 1
requires-python = ">=3.12"

[[package]]
name = "polars"
version = "1.30.0"
source = { registry = "https://pypi.org/simple" }
sdist = { url = "https://files.pythonhosted.org/packages/82/b6/8dbdf626c0705a57f052708c9fc0860ffc2aa97955930d5faaf6a66fcfd3/polars-1.30.0.tar.gz", hash = "sha256:dfe94ae84a5efd9ba74e616e3e125b24ca155494a931890a8f17480737c4db45", size = 4668318 }
wheels = [
    { url = "https://files.pythonhosted.org/packages/40/48/e9b2cb379abcc9f7aff2e701098fcdb9fe6d85dc4ad4cec7b35d39c70951/polars-1.30.0-cp39-abi3-macosx_10_12_x86_64.whl", hash = "sha256:4c33bc97c29b7112f0e689a2f8a33143973a3ff466c70b25c7fd1880225de6dd", size = 35704342 },
    { url = "https://files.pythonhosted.org/packages/36/ca/f545f61282f75eea4dfde4db2944963dcd59abd50c20e33a1c894da44dad/polars-1.30.0-cp39-abi3-macosx_11_0_arm64.whl", hash = "sha256:e3d05914c364b8e39a5b10dcf97e84d76e516b3b1693880bf189a93aab3ca00d", size = 32459857 },
    { url = "https://files.pythonhosted.org/packages/76/20/e018cd87d7cb6f8684355f31f4e193222455a6e8f7b942f4a2934f5969c7/polars-1.30.0-cp39-abi3-manylinux_2_17_x86_64.manylinux2014_x86_64.whl", hash = "sha256:1a52af3862082b868c1febeae650af8ae8a2105d2cb28f0449179a7b44f54ccf", size = 36267243 },
    { url = "https://files.pythonhosted.org/packages/cb/e7/b88b973021be07b13d91b9301cc14392c994225ef5107a32a8ffd3fd6424/polars-1.30.0-cp39-abi3-manylinux_2_24_aarch64.whl", hash = "sha256:ffb3ef133454275d4254442257c5f71dd6e393ce365c97997dadeb6fa9d6d4b5", size = 33416871 },
    { url = "https://files.pythonhosted.org/packages/dd/7c/d46d4381adeac537b8520b653dc30cb8b7edbf59883d71fbb989e9005de1/polars-1.30.0-cp39-abi3-win_amd64.whl", hash = "sha256:c26b633a9bd530c5fc09d317fca3bb3e16c772bd7df7549a9d8ec1934773cc5d", size = 36363630 },
    { url = "https://files.pythonhosted.org/packages/fb/b5/5056d0c12aadb57390d0627492bef8b1abf3549474abb9ae0fd4e2bfa885/polars-1.30.0-cp39-abi3-win_arm64.whl", hash = "sha256:476f1bde65bc7b4d9f80af370645c2981b5798d67c151055e58534e89e96f2a8", size = 32643590 },
]

[[package]]
name = "scriptify-vba"
version = "0.1.0"
source = { virtual = "." }
dependencies = [
    { name = "polars" },
]

[package.metadata]
requires-dist = [{ name = "polars", specifier = ">=1.30.0" }]
